
Microsoft Visual Studio Solution File, Format Version 12.00
# Visual Studio Version 16
VisualStudioVersion = 16.0.33927.289
MinimumVisualStudioVersion = 10.0.40219.1
Project("{2150E333-8FDC-42A3-9474-1A3956D46DE8}") = "Task0", "Task0", "{A516206F-695C-445B-8E91-A8A3322049B8}"
EndProject
Project("{8BC9CEB8-8B4A-11D0-8D11-00A0C91BC942}") = "Tyuiu.SolievAH.Sprint0.Task0.V0", "Tyuiu.SolievAH.Sprint0.Task0.V0\Tyuiu.SolievAH.Sprint0.Task0.V0.vcxproj", "{AA809822-83B2-42FE-B479-60529386EA58}"
EndProject
Project("{2150E333-8FDC-42A3-9474-1A3956D46DE8}") = "Task1", "Task1", "{7B9EB052-D251-4C08-A7A9-A74F2D5940C9}"
EndProject
Project("{8BC9CEB8-8B4A-11D0-8D11-00A0C91BC942}") = "Tyuiu.SolievAH.Spirnt0.Task1.V0", "Tyuiu.SolievAH.Spirnt0.Task1.V0\Tyuiu.SolievAH.Spirnt0.Task1.V0.vcxproj", "{6D671AD7-1184-4AAC-8B9E-9FD19485477F}"
EndProject
Project("{8BC9CEB8-8B4A-11D0-8D11-00A0C91BC942}") = "Tyuiu.SolievAH.Sprint0.Task2.V0", "Tyuiu.SolievAH.Sprint0.Task2.V0\Tyuiu.SolievAH.Sprint0.Task2.V0.vcxproj", "{A43A3386-F9D1-4045-B419-1E4B717D4C87}"
EndProject
Project("{8BC9CEB8-8B4A-11D0-8D11-00A0C91BC942}") = "Tyuiu.SolievAH.Sprint0.Task2.V0.Lib", "Tyuiu.SolievAH.Sprint0.Task2.V0.Lib\Tyuiu.SolievAH.Sprint0.Task2.V0.Lib.vcxproj", "{92A578AB-667C-4199-BE87-131519C150D1}"
EndProject
Project("{8BC9CEB8-8B4A-11D0-8D11-00A0C91BC942}") = "Tyuiu.SolievAH.Sprint0.Task2.V0.Test", "Tyuiu.SolievAH.Sprint0.Task2.V0.Test\Tyuiu.SolievAH.Sprint0.Task2.V0.Test.vcxproj", "{1FC70933-E370-411E-9A8B-6EB7C9CB0F1C}"
EndProject
Project("{2150E333-8FDC-42A3-9474-1A3956D46DE8}") = "NewFolder1", "NewFolder1", "{5FDF1192-BF73-4FC6-A37F-C82FF79E8940}"
EndProject
Project("{8BC9CEB8-8B4A-11D0-8D11-00A0C91BC942}") = "Tyuiu.SolievAH.Sprint0.Task3.V0", "Tyuiu.SolievAH.Sprint0.Task3.V0\Tyuiu.SolievAH.Sprint0.Task3.V0.vcxproj", "{85142918-0A1E-485B-91E4-8853877073E0}"
EndProject
Project("{8BC9CEB8-8B4A-11D0-8D11-00A0C91BC942}") = "Tyuiu.SolievAH.Sprint0.Task3.V0.Lib", "Tyuiu.SolievAH.Sprint0.Task3.V0.Lib\Tyuiu.SolievAH.Sprint0.Task3.V0.Lib.vcxproj", "{B768D0A5-55F3-4606-ACFD-324B639CAC2A}"
EndProject
Project("{8BC9CEB8-8B4A-11D0-8D11-00A0C91BC942}") = "Tyuiu.SolievAH.Sprint0.Task3.V0.Test", "Tyuiu.SolievAH.Sprint0.Task3.V0.Test\Tyuiu.SolievAH.Sprint0.Task3.V0.Test.vcxproj", "{50043F53-6CE4-497F-8C3D-626713EFB9E2}"
EndProject
Global
	GlobalSection(SolutionConfigurationPlatforms) = preSolution
		Debug|x64 = Debug|x64
		Debug|x86 = Debug|x86
		Release|x64 = Release|x64
		Release|x86 = Release|x86
	EndGlobalSection
	GlobalSection(ProjectConfigurationPlatforms) = postSolution
		{AA809822-83B2-42FE-B479-60529386EA58}.Debug|x64.ActiveCfg = Debug|x64
		{AA809822-83B2-42FE-B479-60529386EA58}.Debug|x64.Build.0 = Debug|x64
		{AA809822-83B2-42FE-B479-60529386EA58}.Debug|x86.ActiveCfg = Debug|Win32
		{AA809822-83B2-42FE-B479-60529386EA58}.Debug|x86.Build.0 = Debug|Win32
		{AA809822-83B2-42FE-B479-60529386EA58}.Release|x64.ActiveCfg = Release|x64
		{AA809822-83B2-42FE-B479-60529386EA58}.Release|x64.Build.0 = Release|x64
		{AA809822-83B2-42FE-B479-60529386EA58}.Release|x86.ActiveCfg = Release|Win32
		{AA809822-83B2-42FE-B479-60529386EA58}.Release|x86.Build.0 = Release|Win32
		{6D671AD7-1184-4AAC-8B9E-9FD19485477F}.Debug|x64.ActiveCfg = Debug|x64
		{6D671AD7-1184-4AAC-8B9E-9FD19485477F}.Debug|x64.Build.0 = Debug|x64
		{6D671AD7-1184-4AAC-8B9E-9FD19485477F}.Debug|x86.ActiveCfg = Debug|Win32
		{6D671AD7-1184-4AAC-8B9E-9FD19485477F}.Debug|x86.Build.0 = Debug|Win32
		{6D671AD7-1184-4AAC-8B9E-9FD19485477F}.Release|x64.ActiveCfg = Release|x64
		{6D671AD7-1184-4AAC-8B9E-9FD19485477F}.Release|x64.Build.0 = Release|x64
		{6D671AD7-1184-4AAC-8B9E-9FD19485477F}.Release|x86.ActiveCfg = Release|Win32
		{6D671AD7-1184-4AAC-8B9E-9FD19485477F}.Release|x86.Build.0 = Release|Win32
		{A43A3386-F9D1-4045-B419-1E4B717D4C87}.Debug|x64.ActiveCfg = Debug|x64
		{A43A3386-F9D1-4045-B419-1E4B717D4C87}.Debug|x64.Build.0 = Debug|x64
		{A43A3386-F9D1-4045-B419-1E4B717D4C87}.Debug|x86.ActiveCfg = Debug|Win32
		{A43A3386-F9D1-4045-B419-1E4B717D4C87}.Debug|x86.Build.0 = Debug|Win32
		{A43A3386-F9D1-4045-B419-1E4B717D4C87}.Release|x64.ActiveCfg = Release|x64
		{A43A3386-F9D1-4045-B419-1E4B717D4C87}.Release|x64.Build.0 = Release|x64
		{A43A3386-F9D1-4045-B419-1E4B717D4C87}.Release|x86.ActiveCfg = Release|Win32
		{A43A3386-F9D1-4045-B419-1E4B717D4C87}.Release|x86.Build.0 = Release|Win32
		{92A578AB-667C-4199-BE87-131519C150D1}.Debug|x64.ActiveCfg = Debug|x64
		{92A578AB-667C-4199-BE87-131519C150D1}.Debug|x64.Build.0 = Debug|x64
		{92A578AB-667C-4199-BE87-131519C150D1}.Debug|x86.ActiveCfg = Debug|Win32
		{92A578AB-667C-4199-BE87-131519C150D1}.Debug|x86.Build.0 = Debug|Win32
		{92A578AB-667C-4199-BE87-131519C150D1}.Release|x64.ActiveCfg = Release|x64
		{92A578AB-667C-4199-BE87-131519C150D1}.Release|x64.Build.0 = Release|x64
		{92A578AB-667C-4199-BE87-131519C150D1}.Release|x86.ActiveCfg = Release|Win32
		{92A578AB-667C-4199-BE87-131519C150D1}.Release|x86.Build.0 = Release|Win32
		{1FC70933-E370-411E-9A8B-6EB7C9CB0F1C}.Debug|x64.ActiveCfg = Debug|x64
		{1FC70933-E370-411E-9A8B-6EB7C9CB0F1C}.Debug|x64.Build.0 = Debug|x64
		{1FC70933-E370-411E-9A8B-6EB7C9CB0F1C}.Debug|x86.ActiveCfg = Debug|Win32
		{1FC70933-E370-411E-9A8B-6EB7C9CB0F1C}.Debug|x86.Build.0 = Debug|Win32
		{1FC70933-E370-411E-9A8B-6EB7C9CB0F1C}.Release|x64.ActiveCfg = Release|x64
		{1FC70933-E370-411E-9A8B-6EB7C9CB0F1C}.Release|x64.Build.0 = Release|x64
		{1FC70933-E370-411E-9A8B-6EB7C9CB0F1C}.Release|x86.ActiveCfg = Release|Win32
		{1FC70933-E370-411E-9A8B-6EB7C9CB0F1C}.Release|x86.Build.0 = Release|Win32
		{85142918-0A1E-485B-91E4-8853877073E0}.Debug|x64.ActiveCfg = Debug|x64
		{85142918-0A1E-485B-91E4-8853877073E0}.Debug|x64.Build.0 = Debug|x64
		{85142918-0A1E-485B-91E4-8853877073E0}.Debug|x86.ActiveCfg = Debug|Win32
		{85142918-0A1E-485B-91E4-8853877073E0}.Debug|x86.Build.0 = Debug|Win32
		{85142918-0A1E-485B-91E4-8853877073E0}.Release|x64.ActiveCfg = Release|x64
		{85142918-0A1E-485B-91E4-8853877073E0}.Release|x64.Build.0 = Release|x64
		{85142918-0A1E-485B-91E4-8853877073E0}.Release|x86.ActiveCfg = Release|Win32
		{85142918-0A1E-485B-91E4-8853877073E0}.Release|x86.Build.0 = Release|Win32
		{B768D0A5-55F3-4606-ACFD-324B639CAC2A}.Debug|x64.ActiveCfg = Debug|x64
		{B768D0A5-55F3-4606-ACFD-324B639CAC2A}.Debug|x64.Build.0 = Debug|x64
		{B768D0A5-55F3-4606-ACFD-324B639CAC2A}.Debug|x86.ActiveCfg = Debug|Win32
		{B768D0A5-55F3-4606-ACFD-324B639CAC2A}.Debug|x86.Build.0 = Debug|Win32
		{B768D0A5-55F3-4606-ACFD-324B639CAC2A}.Release|x64.ActiveCfg = Release|x64
		{B768D0A5-55F3-4606-ACFD-324B639CAC2A}.Release|x64.Build.0 = Release|x64
		{B768D0A5-55F3-4606-ACFD-324B639CAC2A}.Release|x86.ActiveCfg = Release|Win32
		{B768D0A5-55F3-4606-ACFD-324B639CAC2A}.Release|x86.Build.0 = Release|Win32
		{50043F53-6CE4-497F-8C3D-626713EFB9E2}.Debug|x64.ActiveCfg = Debug|x64
		{50043F53-6CE4-497F-8C3D-626713EFB9E2}.Debug|x64.Build.0 = Debug|x64
		{50043F53-6CE4-497F-8C3D-626713EFB9E2}.Debug|x86.ActiveCfg = Debug|Win32
		{50043F53-6CE4-497F-8C3D-626713EFB9E2}.Debug|x86.Build.0 = Debug|Win32
		{50043F53-6CE4-497F-8C3D-626713EFB9E2}.Release|x64.ActiveCfg = Release|x64
		{50043F53-6CE4-497F-8C3D-626713EFB9E2}.Release|x64.Build.0 = Release|x64
		{50043F53-6CE4-497F-8C3D-626713EFB9E2}.Release|x86.ActiveCfg = Release|Win32
		{50043F53-6CE4-497F-8C3D-626713EFB9E2}.Release|x86.Build.0 = Release|Win32
	EndGlobalSection
	GlobalSection(SolutionProperties) = preSolution
		HideSolutionNode = FALSE
	EndGlobalSection
	GlobalSection(NestedProjects) = preSolution
		{AA809822-83B2-42FE-B479-60529386EA58} = {A516206F-695C-445B-8E91-A8A3322049B8}
		{6D671AD7-1184-4AAC-8B9E-9FD19485477F} = {7B9EB052-D251-4C08-A7A9-A74F2D5940C9}
		{85142918-0A1E-485B-91E4-8853877073E0} = {5FDF1192-BF73-4FC6-A37F-C82FF79E8940}
		{B768D0A5-55F3-4606-ACFD-324B639CAC2A} = {5FDF1192-BF73-4FC6-A37F-C82FF79E8940}
		{50043F53-6CE4-497F-8C3D-626713EFB9E2} = {5FDF1192-BF73-4FC6-A37F-C82FF79E8940}
	EndGlobalSection
	GlobalSection(ExtensibilityGlobals) = postSolution
		SolutionGuid = {B4E5B430-F955-46E1-A2A4-5970568AE425}
	EndGlobalSection
EndGlobal
