
Microsoft Visual Studio Solution File, Format Version 12.00
# Visual Studio Version 16
VisualStudioVersion = 16.0.33927.289
MinimumVisualStudioVersion = 10.0.40219.1
Project("{2150E333-8FDC-42A3-9474-1A3956D46DE8}") = "Task0", "Task0", "{A516206F-695C-445B-8E91-A8A3322049B8}"
EndProject
Project("{8BC9CEB8-8B4A-11D0-8D11-00A0C91BC942}") = "Tyuiu.SolievAH.Sprint0.Task0.V0", "Tyuiu.SolievAH.Sprint0.Task0.V0\Tyuiu.SolievAH.Sprint0.Task0.V0.vcxproj", "{AA809822-83B2-42FE-B479-60529386EA58}"
EndProject
Project("{2150E333-8FDC-42A3-9474-1A3956D46DE8}") = "Task1", "Task1", "{7B9EB052-D251-4C08-A7A9-A74F2D5940C9}"
EndProject
Project("{8BC9CEB8-8B4A-11D0-8D11-00A0C91BC942}") = "Tyuiu.SolievAH.Spirnt0.Task1.V0", "Tyuiu.SolievAH.Spirnt0.Task1.V0\Tyuiu.SolievAH.Spirnt0.Task1.V0.vcxproj", "{6D671AD7-1184-4AAC-8B9E-9FD19485477F}"
EndProject
Project("{8BC9CEB8-8B4A-11D0-8D11-00A0C91BC942}") = "Tyuiu.SolievAH.Sprint0.Task2.V0", "Tyuiu.SolievAH.Sprint0.Task2.V0\Tyuiu.SolievAH.Sprint0.Task2.V0.vcxproj", "{A43A3386-F9D1-4045-B419-1E4B717D4C87}"
EndProject
Project("{8BC9CEB8-8B4A-11D0-8D11-00A0C91BC942}") = "Tyuiu.SolievAH.Sprint0.Task2.V0.Lib", "Tyuiu.SolievAH.Sprint0.Task2.V0.Lib\Tyuiu.SolievAH.Sprint0.Task2.V0.Lib.vcxproj", "{92A578AB-667C-4199-BE87-131519C150D1}"
EndProject
Project("{8BC9CEB8-8B4A-11D0-8D11-00A0C91BC942}") = "Tyuiu.SolievAH.Sprint0.Task2.V0.Test", "Tyuiu.SolievAH.Sprint0.Task2.V0.Test\Tyuiu.SolievAH.Sprint0.Task2.V0.Test.vcxproj", "{1FC70933-E370-411E-9A8B-6EB7C9CB0F1C}"
EndProject
Project("{2150E333-8FDC-42A3-9474-1A3956D46DE8}") = "NewFolder1", "NewFolder1", "{5FDF1192-BF73-4FC6-A37F-C82FF79E8940}"
EndProject
Project("{8BC9CEB8-8B4A-11D0-8D11-00A0C91BC942}") = "Tyuiu.SolievAH.Sprint0.Task3.V0", "Tyuiu.SolievAH.Sprint0.Task3.V0\Tyuiu.SolievAH.Sprint0.Task3.V0.vcxproj", "{85142918-0A1E-485B-91E4-8853877073E0}"
EndProject
Project("{8BC9CEB8-8B4A-11D0-8D11-00A0C91BC942}") = "Tyuiu.SolievAH.Sprint0.Task3.V0.Lib", "Tyuiu.SolievAH.Sprint0.Task3.V0.Lib\Tyuiu.SolievAH.Sprint0.Task3.V0.Lib.vcxproj", "{B768D0A5-55F3-4606-ACFD-324B639CAC2A}"
EndProject
Project("{8BC9CEB8-8B4A-11D0-8D11-00A0C91BC942}") = "Tyuiu.SolievAH.Sprint0.Task3.V0.Test", "Tyuiu.SolievAH.Sprint0.Task3.V0.Test\Tyuiu.SolievAH.Sprint0.Task3.V0.Test.vcxproj", "{50043F53-6CE4-497F-8C3D-626713EFB9E2}"
EndProject
Project("{8BC9CEB8-8B4A-11D0-8D11-00A0C91BC942}") = "Hello Alishkins", "Hello Alishkins\Hello Alishkins.vcxproj", "{C768C9DB-144A-468D-B802-E83663A83529}"
EndProject
Project("{2150E333-8FDC-42A3-9474-1A3956D46DE8}") = "NewFolder2", "NewFolder2", "{B4EC3725-CEE2-4723-9F5D-909FAAD99F87}"
EndProject
Project("{8BC9CEB8-8B4A-11D0-8D11-00A0C91BC942}") = "Tyuiu.SolievAH.Sprint0.Task4.V1", "Tyuiu.SolievAH.Sprint0.Task4.V1\Tyuiu.SolievAH.Sprint0.Task4.V1.vcxproj", "{EB82284D-AFE0-4FB0-ACC7-1169A5040ADF}"
EndProject
Project("{8BC9CEB8-8B4A-11D0-8D11-00A0C91BC942}") = "Tyuiu.SolievAH.Sprint0.Task4.V1.Test", "Tyuiu.SolievAH.Sprint0.Task4.V1.Test\Tyuiu.SolievAH.Sprint0.Task4.V1.Test.vcxproj", "{10F6C545-D27B-4062-BDA0-30F3C65BAD77}"
EndProject
Project("{8BC9CEB8-8B4A-11D0-8D11-00A0C91BC942}") = "Tyuiu.SolievAH.Sprint0.Task4.V1.Lib", "Tyuiu.SolievAH.Sprint0.Task4.V1.Lib\Tyuiu.SolievAH.Sprint0.Task4.V1.Lib.vcxproj", "{3A5D28F8-87A0-4963-9CBA-A371AA419C0E}"
EndProject
Project("{2150E333-8FDC-42A3-9474-1A3956D46DE8}") = "NewFolder3", "NewFolder3", "{ADA30D85-3400-4921-8BA1-EFE533CA868F}"
EndProject
Project("{8BC9CEB8-8B4A-11D0-8D11-00A0C91BC942}") = "Tyuiu.SolievAH.Spirnt0.Task5.V1", "Tyuiu.SolievAH.Spirnt0.Task5.V1\Tyuiu.SolievAH.Spirnt0.Task5.V1.vcxproj", "{8A2DD117-64F8-4614-A821-BA84E79CA790}"
EndProject
Project("{8BC9CEB8-8B4A-11D0-8D11-00A0C91BC942}") = "Tyuiu.SolievAH.Sprint0.Task5.V1.Lib", "Tyuiu.SolievAH.Sprint0.Task5.V1.Lib\Tyuiu.SolievAH.Sprint0.Task5.V1.Lib.vcxproj", "{A4F23179-A601-4819-B946-29ED43F673E7}"
EndProject
Project("{8BC9CEB8-8B4A-11D0-8D11-00A0C91BC942}") = "Tyuiu.SolievAH.Sprint0.Task5.V1.Test", "Tyuiu.SolievAH.Sprint0.Task5.V1.Test\Tyuiu.SolievAH.Sprint0.Task5.V1.Test.vcxproj", "{30C1AC0B-508B-4AFA-8994-74C7D2754E7F}"
EndProject
Project("{2150E333-8FDC-42A3-9474-1A3956D46DE8}") = "NewFolder4", "NewFolder4", "{A365AB42-804D-49E3-A39C-FBC8A897DA3F}"
EndProject
Project("{8BC9CEB8-8B4A-11D0-8D11-00A0C91BC942}") = "Tyuiu.SolievAH.Sprint0.Task6.V1", "Tyuiu.SolievAH.Sprint0.Task6.V1\Tyuiu.SolievAH.Sprint0.Task6.V1.vcxproj", "{D3570718-9AF0-4151-B878-80BFBEE21237}"
EndProject
Project("{8BC9CEB8-8B4A-11D0-8D11-00A0C91BC942}") = "Tyuiu.SolievAH.Sprint0.Task6.V1.Lib", "Tyuiu.SolievAH.Sprint0.Task6.V1.Lib\Tyuiu.SolievAH.Sprint0.Task6.V1.Lib.vcxproj", "{A07C79C8-EFE6-441D-B6F0-26F2953D4FD6}"
EndProject
Project("{8BC9CEB8-8B4A-11D0-8D11-00A0C91BC942}") = "Tyuiu.SolievAH.Sprint0.Task6.V1.Tesst", "Tyuiu.SolievAH.Sprint0.Task6.V1.Tesst\Tyuiu.SolievAH.Sprint0.Task6.V1.Tesst.vcxproj", "{5D5EB61B-C37B-4E69-BC3A-53036453331B}"
EndProject
Project("{2150E333-8FDC-42A3-9474-1A3956D46DE8}") = "NewFolder5", "NewFolder5", "{88DC6C50-2B24-43BD-BF33-4A2174E66F93}"
EndProject
Project("{8BC9CEB8-8B4A-11D0-8D11-00A0C91BC942}") = "Tyuiu.SolievAH.Sprint0.Task7.V1.Lib", "Tyuiu.SolievAH.Sprint0.Task7.V1.Lib\Tyuiu.SolievAH.Sprint0.Task7.V1.Lib.vcxproj", "{C8120F32-F842-44C3-B0E5-1C63AAE3FBB8}"
EndProject
Project("{8BC9CEB8-8B4A-11D0-8D11-00A0C91BC942}") = "Tyuiu.SolievAH.Sprint0.Task7.V1.Test", "Tyuiu.SolievAH.Sprint0.Task7.V1.Test\Tyuiu.SolievAH.Sprint0.Task7.V1.Test.vcxproj", "{5983D790-BDEE-43A8-84B0-929006C4DCD0}"
EndProject
Project("{8BC9CEB8-8B4A-11D0-8D11-00A0C91BC942}") = "Tyuiu.SolievAH.Sprint0.Task7.V1", "Tyuiu.SolievAH.Sprint0.Task7.V1\Tyuiu.SolievAH.Sprint0.Task7.V1.vcxproj", "{B95778F6-2820-4892-AA84-26FD6AC8F0C2}"
EndProject
Global
	GlobalSection(SolutionConfigurationPlatforms) = preSolution
		Debug|x64 = Debug|x64
		Debug|x86 = Debug|x86
		Release|x64 = Release|x64
		Release|x86 = Release|x86
	EndGlobalSection
	GlobalSection(ProjectConfigurationPlatforms) = postSolution
		{AA809822-83B2-42FE-B479-60529386EA58}.Debug|x64.ActiveCfg = Debug|x64
		{AA809822-83B2-42FE-B479-60529386EA58}.Debug|x64.Build.0 = Debug|x64
		{AA809822-83B2-42FE-B479-60529386EA58}.Debug|x86.ActiveCfg = Debug|Win32
		{AA809822-83B2-42FE-B479-60529386EA58}.Debug|x86.Build.0 = Debug|Win32
		{AA809822-83B2-42FE-B479-60529386EA58}.Release|x64.ActiveCfg = Release|x64
		{AA809822-83B2-42FE-B479-60529386EA58}.Release|x64.Build.0 = Release|x64
		{AA809822-83B2-42FE-B479-60529386EA58}.Release|x86.ActiveCfg = Release|Win32
		{AA809822-83B2-42FE-B479-60529386EA58}.Release|x86.Build.0 = Release|Win32
		{6D671AD7-1184-4AAC-8B9E-9FD19485477F}.Debug|x64.ActiveCfg = Debug|x64
		{6D671AD7-1184-4AAC-8B9E-9FD19485477F}.Debug|x64.Build.0 = Debug|x64
		{6D671AD7-1184-4AAC-8B9E-9FD19485477F}.Debug|x86.ActiveCfg = Debug|Win32
		{6D671AD7-1184-4AAC-8B9E-9FD19485477F}.Debug|x86.Build.0 = Debug|Win32
		{6D671AD7-1184-4AAC-8B9E-9FD19485477F}.Release|x64.ActiveCfg = Release|x64
		{6D671AD7-1184-4AAC-8B9E-9FD19485477F}.Release|x64.Build.0 = Release|x64
		{6D671AD7-1184-4AAC-8B9E-9FD19485477F}.Release|x86.ActiveCfg = Release|Win32
		{6D671AD7-1184-4AAC-8B9E-9FD19485477F}.Release|x86.Build.0 = Release|Win32
		{A43A3386-F9D1-4045-B419-1E4B717D4C87}.Debug|x64.ActiveCfg = Debug|x64
		{A43A3386-F9D1-4045-B419-1E4B717D4C87}.Debug|x64.Build.0 = Debug|x64
		{A43A3386-F9D1-4045-B419-1E4B717D4C87}.Debug|x86.ActiveCfg = Debug|Win32
		{A43A3386-F9D1-4045-B419-1E4B717D4C87}.Debug|x86.Build.0 = Debug|Win32
		{A43A3386-F9D1-4045-B419-1E4B717D4C87}.Release|x64.ActiveCfg = Release|x64
		{A43A3386-F9D1-4045-B419-1E4B717D4C87}.Release|x64.Build.0 = Release|x64
		{A43A3386-F9D1-4045-B419-1E4B717D4C87}.Release|x86.ActiveCfg = Release|Win32
		{A43A3386-F9D1-4045-B419-1E4B717D4C87}.Release|x86.Build.0 = Release|Win32
		{92A578AB-667C-4199-BE87-131519C150D1}.Debug|x64.ActiveCfg = Debug|x64
		{92A578AB-667C-4199-BE87-131519C150D1}.Debug|x64.Build.0 = Debug|x64
		{92A578AB-667C-4199-BE87-131519C150D1}.Debug|x86.ActiveCfg = Debug|Win32
		{92A578AB-667C-4199-BE87-131519C150D1}.Debug|x86.Build.0 = Debug|Win32
		{92A578AB-667C-4199-BE87-131519C150D1}.Release|x64.ActiveCfg = Release|x64
		{92A578AB-667C-4199-BE87-131519C150D1}.Release|x64.Build.0 = Release|x64
		{92A578AB-667C-4199-BE87-131519C150D1}.Release|x86.ActiveCfg = Release|Win32
		{92A578AB-667C-4199-BE87-131519C150D1}.Release|x86.Build.0 = Release|Win32
		{1FC70933-E370-411E-9A8B-6EB7C9CB0F1C}.Debug|x64.ActiveCfg = Debug|x64
		{1FC70933-E370-411E-9A8B-6EB7C9CB0F1C}.Debug|x64.Build.0 = Debug|x64
		{1FC70933-E370-411E-9A8B-6EB7C9CB0F1C}.Debug|x86.ActiveCfg = Debug|Win32
		{1FC70933-E370-411E-9A8B-6EB7C9CB0F1C}.Debug|x86.Build.0 = Debug|Win32
		{1FC70933-E370-411E-9A8B-6EB7C9CB0F1C}.Release|x64.ActiveCfg = Release|x64
		{1FC70933-E370-411E-9A8B-6EB7C9CB0F1C}.Release|x64.Build.0 = Release|x64
		{1FC70933-E370-411E-9A8B-6EB7C9CB0F1C}.Release|x86.ActiveCfg = Release|Win32
		{1FC70933-E370-411E-9A8B-6EB7C9CB0F1C}.Release|x86.Build.0 = Release|Win32
		{85142918-0A1E-485B-91E4-8853877073E0}.Debug|x64.ActiveCfg = Debug|x64
		{85142918-0A1E-485B-91E4-8853877073E0}.Debug|x64.Build.0 = Debug|x64
		{85142918-0A1E-485B-91E4-8853877073E0}.Debug|x86.ActiveCfg = Debug|Win32
		{85142918-0A1E-485B-91E4-8853877073E0}.Debug|x86.Build.0 = Debug|Win32
		{85142918-0A1E-485B-91E4-8853877073E0}.Release|x64.ActiveCfg = Release|x64
		{85142918-0A1E-485B-91E4-8853877073E0}.Release|x64.Build.0 = Release|x64
		{85142918-0A1E-485B-91E4-8853877073E0}.Release|x86.ActiveCfg = Release|Win32
		{85142918-0A1E-485B-91E4-8853877073E0}.Release|x86.Build.0 = Release|Win32
		{B768D0A5-55F3-4606-ACFD-324B639CAC2A}.Debug|x64.ActiveCfg = Debug|x64
		{B768D0A5-55F3-4606-ACFD-324B639CAC2A}.Debug|x64.Build.0 = Debug|x64
		{B768D0A5-55F3-4606-ACFD-324B639CAC2A}.Debug|x86.ActiveCfg = Debug|Win32
		{B768D0A5-55F3-4606-ACFD-324B639CAC2A}.Debug|x86.Build.0 = Debug|Win32
		{B768D0A5-55F3-4606-ACFD-324B639CAC2A}.Release|x64.ActiveCfg = Release|x64
		{B768D0A5-55F3-4606-ACFD-324B639CAC2A}.Release|x64.Build.0 = Release|x64
		{B768D0A5-55F3-4606-ACFD-324B639CAC2A}.Release|x86.ActiveCfg = Release|Win32
		{B768D0A5-55F3-4606-ACFD-324B639CAC2A}.Release|x86.Build.0 = Release|Win32
		{50043F53-6CE4-497F-8C3D-626713EFB9E2}.Debug|x64.ActiveCfg = Debug|x64
		{50043F53-6CE4-497F-8C3D-626713EFB9E2}.Debug|x64.Build.0 = Debug|x64
		{50043F53-6CE4-497F-8C3D-626713EFB9E2}.Debug|x86.ActiveCfg = Debug|Win32
		{50043F53-6CE4-497F-8C3D-626713EFB9E2}.Debug|x86.Build.0 = Debug|Win32
		{50043F53-6CE4-497F-8C3D-626713EFB9E2}.Release|x64.ActiveCfg = Release|x64
		{50043F53-6CE4-497F-8C3D-626713EFB9E2}.Release|x64.Build.0 = Release|x64
		{50043F53-6CE4-497F-8C3D-626713EFB9E2}.Release|x86.ActiveCfg = Release|Win32
		{50043F53-6CE4-497F-8C3D-626713EFB9E2}.Release|x86.Build.0 = Release|Win32
		{C768C9DB-144A-468D-B802-E83663A83529}.Debug|x64.ActiveCfg = Debug|x64
		{C768C9DB-144A-468D-B802-E83663A83529}.Debug|x64.Build.0 = Debug|x64
		{C768C9DB-144A-468D-B802-E83663A83529}.Debug|x86.ActiveCfg = Debug|Win32
		{C768C9DB-144A-468D-B802-E83663A83529}.Debug|x86.Build.0 = Debug|Win32
		{C768C9DB-144A-468D-B802-E83663A83529}.Release|x64.ActiveCfg = Release|x64
		{C768C9DB-144A-468D-B802-E83663A83529}.Release|x64.Build.0 = Release|x64
		{C768C9DB-144A-468D-B802-E83663A83529}.Release|x86.ActiveCfg = Release|Win32
		{C768C9DB-144A-468D-B802-E83663A83529}.Release|x86.Build.0 = Release|Win32
		{EB82284D-AFE0-4FB0-ACC7-1169A5040ADF}.Debug|x64.ActiveCfg = Debug|x64
		{EB82284D-AFE0-4FB0-ACC7-1169A5040ADF}.Debug|x64.Build.0 = Debug|x64
		{EB82284D-AFE0-4FB0-ACC7-1169A5040ADF}.Debug|x86.ActiveCfg = Debug|Win32
		{EB82284D-AFE0-4FB0-ACC7-1169A5040ADF}.Debug|x86.Build.0 = Debug|Win32
		{EB82284D-AFE0-4FB0-ACC7-1169A5040ADF}.Release|x64.ActiveCfg = Release|x64
		{EB82284D-AFE0-4FB0-ACC7-1169A5040ADF}.Release|x64.Build.0 = Release|x64
		{EB82284D-AFE0-4FB0-ACC7-1169A5040ADF}.Release|x86.ActiveCfg = Release|Win32
		{EB82284D-AFE0-4FB0-ACC7-1169A5040ADF}.Release|x86.Build.0 = Release|Win32
		{10F6C545-D27B-4062-BDA0-30F3C65BAD77}.Debug|x64.ActiveCfg = Debug|x64
		{10F6C545-D27B-4062-BDA0-30F3C65BAD77}.Debug|x64.Build.0 = Debug|x64
		{10F6C545-D27B-4062-BDA0-30F3C65BAD77}.Debug|x86.ActiveCfg = Debug|Win32
		{10F6C545-D27B-4062-BDA0-30F3C65BAD77}.Debug|x86.Build.0 = Debug|Win32
		{10F6C545-D27B-4062-BDA0-30F3C65BAD77}.Release|x64.ActiveCfg = Release|x64
		{10F6C545-D27B-4062-BDA0-30F3C65BAD77}.Release|x64.Build.0 = Release|x64
		{10F6C545-D27B-4062-BDA0-30F3C65BAD77}.Release|x86.ActiveCfg = Release|Win32
		{10F6C545-D27B-4062-BDA0-30F3C65BAD77}.Release|x86.Build.0 = Release|Win32
		{3A5D28F8-87A0-4963-9CBA-A371AA419C0E}.Debug|x64.ActiveCfg = Debug|x64
		{3A5D28F8-87A0-4963-9CBA-A371AA419C0E}.Debug|x64.Build.0 = Debug|x64
		{3A5D28F8-87A0-4963-9CBA-A371AA419C0E}.Debug|x86.ActiveCfg = Debug|Win32
		{3A5D28F8-87A0-4963-9CBA-A371AA419C0E}.Debug|x86.Build.0 = Debug|Win32
		{3A5D28F8-87A0-4963-9CBA-A371AA419C0E}.Release|x64.ActiveCfg = Release|x64
		{3A5D28F8-87A0-4963-9CBA-A371AA419C0E}.Release|x64.Build.0 = Release|x64
		{3A5D28F8-87A0-4963-9CBA-A371AA419C0E}.Release|x86.ActiveCfg = Release|Win32
		{3A5D28F8-87A0-4963-9CBA-A371AA419C0E}.Release|x86.Build.0 = Release|Win32
		{8A2DD117-64F8-4614-A821-BA84E79CA790}.Debug|x64.ActiveCfg = Debug|x64
		{8A2DD117-64F8-4614-A821-BA84E79CA790}.Debug|x64.Build.0 = Debug|x64
		{8A2DD117-64F8-4614-A821-BA84E79CA790}.Debug|x86.ActiveCfg = Debug|Win32
		{8A2DD117-64F8-4614-A821-BA84E79CA790}.Debug|x86.Build.0 = Debug|Win32
		{8A2DD117-64F8-4614-A821-BA84E79CA790}.Release|x64.ActiveCfg = Release|x64
		{8A2DD117-64F8-4614-A821-BA84E79CA790}.Release|x64.Build.0 = Release|x64
		{8A2DD117-64F8-4614-A821-BA84E79CA790}.Release|x86.ActiveCfg = Release|Win32
		{8A2DD117-64F8-4614-A821-BA84E79CA790}.Release|x86.Build.0 = Release|Win32
		{A4F23179-A601-4819-B946-29ED43F673E7}.Debug|x64.ActiveCfg = Debug|x64
		{A4F23179-A601-4819-B946-29ED43F673E7}.Debug|x64.Build.0 = Debug|x64
		{A4F23179-A601-4819-B946-29ED43F673E7}.Debug|x86.ActiveCfg = Debug|Win32
		{A4F23179-A601-4819-B946-29ED43F673E7}.Debug|x86.Build.0 = Debug|Win32
		{A4F23179-A601-4819-B946-29ED43F673E7}.Release|x64.ActiveCfg = Release|x64
		{A4F23179-A601-4819-B946-29ED43F673E7}.Release|x64.Build.0 = Release|x64
		{A4F23179-A601-4819-B946-29ED43F673E7}.Release|x86.ActiveCfg = Release|Win32
		{A4F23179-A601-4819-B946-29ED43F673E7}.Release|x86.Build.0 = Release|Win32
		{30C1AC0B-508B-4AFA-8994-74C7D2754E7F}.Debug|x64.ActiveCfg = Debug|x64
		{30C1AC0B-508B-4AFA-8994-74C7D2754E7F}.Debug|x64.Build.0 = Debug|x64
		{30C1AC0B-508B-4AFA-8994-74C7D2754E7F}.Debug|x86.ActiveCfg = Debug|Win32
		{30C1AC0B-508B-4AFA-8994-74C7D2754E7F}.Debug|x86.Build.0 = Debug|Win32
		{30C1AC0B-508B-4AFA-8994-74C7D2754E7F}.Release|x64.ActiveCfg = Release|x64
		{30C1AC0B-508B-4AFA-8994-74C7D2754E7F}.Release|x64.Build.0 = Release|x64
		{30C1AC0B-508B-4AFA-8994-74C7D2754E7F}.Release|x86.ActiveCfg = Release|Win32
		{30C1AC0B-508B-4AFA-8994-74C7D2754E7F}.Release|x86.Build.0 = Release|Win32
		{D3570718-9AF0-4151-B878-80BFBEE21237}.Debug|x64.ActiveCfg = Debug|x64
		{D3570718-9AF0-4151-B878-80BFBEE21237}.Debug|x64.Build.0 = Debug|x64
		{D3570718-9AF0-4151-B878-80BFBEE21237}.Debug|x86.ActiveCfg = Debug|Win32
		{D3570718-9AF0-4151-B878-80BFBEE21237}.Debug|x86.Build.0 = Debug|Win32
		{D3570718-9AF0-4151-B878-80BFBEE21237}.Release|x64.ActiveCfg = Release|x64
		{D3570718-9AF0-4151-B878-80BFBEE21237}.Release|x64.Build.0 = Release|x64
		{D3570718-9AF0-4151-B878-80BFBEE21237}.Release|x86.ActiveCfg = Release|Win32
		{D3570718-9AF0-4151-B878-80BFBEE21237}.Release|x86.Build.0 = Release|Win32
		{A07C79C8-EFE6-441D-B6F0-26F2953D4FD6}.Debug|x64.ActiveCfg = Debug|x64
		{A07C79C8-EFE6-441D-B6F0-26F2953D4FD6}.Debug|x64.Build.0 = Debug|x64
		{A07C79C8-EFE6-441D-B6F0-26F2953D4FD6}.Debug|x86.ActiveCfg = Debug|Win32
		{A07C79C8-EFE6-441D-B6F0-26F2953D4FD6}.Debug|x86.Build.0 = Debug|Win32
		{A07C79C8-EFE6-441D-B6F0-26F2953D4FD6}.Release|x64.ActiveCfg = Release|x64
		{A07C79C8-EFE6-441D-B6F0-26F2953D4FD6}.Release|x64.Build.0 = Release|x64
		{A07C79C8-EFE6-441D-B6F0-26F2953D4FD6}.Release|x86.ActiveCfg = Release|Win32
		{A07C79C8-EFE6-441D-B6F0-26F2953D4FD6}.Release|x86.Build.0 = Release|Win32
		{5D5EB61B-C37B-4E69-BC3A-53036453331B}.Debug|x64.ActiveCfg = Debug|x64
		{5D5EB61B-C37B-4E69-BC3A-53036453331B}.Debug|x64.Build.0 = Debug|x64
		{5D5EB61B-C37B-4E69-BC3A-53036453331B}.Debug|x86.ActiveCfg = Debug|Win32
		{5D5EB61B-C37B-4E69-BC3A-53036453331B}.Debug|x86.Build.0 = Debug|Win32
		{5D5EB61B-C37B-4E69-BC3A-53036453331B}.Release|x64.ActiveCfg = Release|x64
		{5D5EB61B-C37B-4E69-BC3A-53036453331B}.Release|x64.Build.0 = Release|x64
		{5D5EB61B-C37B-4E69-BC3A-53036453331B}.Release|x86.ActiveCfg = Release|Win32
		{5D5EB61B-C37B-4E69-BC3A-53036453331B}.Release|x86.Build.0 = Release|Win32
		{C8120F32-F842-44C3-B0E5-1C63AAE3FBB8}.Debug|x64.ActiveCfg = Debug|x64
		{C8120F32-F842-44C3-B0E5-1C63AAE3FBB8}.Debug|x64.Build.0 = Debug|x64
		{C8120F32-F842-44C3-B0E5-1C63AAE3FBB8}.Debug|x86.ActiveCfg = Debug|Win32
		{C8120F32-F842-44C3-B0E5-1C63AAE3FBB8}.Debug|x86.Build.0 = Debug|Win32
		{C8120F32-F842-44C3-B0E5-1C63AAE3FBB8}.Release|x64.ActiveCfg = Release|x64
		{C8120F32-F842-44C3-B0E5-1C63AAE3FBB8}.Release|x64.Build.0 = Release|x64
		{C8120F32-F842-44C3-B0E5-1C63AAE3FBB8}.Release|x86.ActiveCfg = Release|Win32
		{C8120F32-F842-44C3-B0E5-1C63AAE3FBB8}.Release|x86.Build.0 = Release|Win32
		{5983D790-BDEE-43A8-84B0-929006C4DCD0}.Debug|x64.ActiveCfg = Debug|x64
		{5983D790-BDEE-43A8-84B0-929006C4DCD0}.Debug|x64.Build.0 = Debug|x64
		{5983D790-BDEE-43A8-84B0-929006C4DCD0}.Debug|x86.ActiveCfg = Debug|Win32
		{5983D790-BDEE-43A8-84B0-929006C4DCD0}.Debug|x86.Build.0 = Debug|Win32
		{5983D790-BDEE-43A8-84B0-929006C4DCD0}.Release|x64.ActiveCfg = Release|x64
		{5983D790-BDEE-43A8-84B0-929006C4DCD0}.Release|x64.Build.0 = Release|x64
		{5983D790-BDEE-43A8-84B0-929006C4DCD0}.Release|x86.ActiveCfg = Release|Win32
		{5983D790-BDEE-43A8-84B0-929006C4DCD0}.Release|x86.Build.0 = Release|Win32
		{B95778F6-2820-4892-AA84-26FD6AC8F0C2}.Debug|x64.ActiveCfg = Debug|x64
		{B95778F6-2820-4892-AA84-26FD6AC8F0C2}.Debug|x64.Build.0 = Debug|x64
		{B95778F6-2820-4892-AA84-26FD6AC8F0C2}.Debug|x86.ActiveCfg = Debug|Win32
		{B95778F6-2820-4892-AA84-26FD6AC8F0C2}.Debug|x86.Build.0 = Debug|Win32
		{B95778F6-2820-4892-AA84-26FD6AC8F0C2}.Release|x64.ActiveCfg = Release|x64
		{B95778F6-2820-4892-AA84-26FD6AC8F0C2}.Release|x64.Build.0 = Release|x64
		{B95778F6-2820-4892-AA84-26FD6AC8F0C2}.Release|x86.ActiveCfg = Release|Win32
		{B95778F6-2820-4892-AA84-26FD6AC8F0C2}.Release|x86.Build.0 = Release|Win32
	EndGlobalSection
	GlobalSection(SolutionProperties) = preSolution
		HideSolutionNode = FALSE
	EndGlobalSection
	GlobalSection(NestedProjects) = preSolution
		{AA809822-83B2-42FE-B479-60529386EA58} = {A516206F-695C-445B-8E91-A8A3322049B8}
		{6D671AD7-1184-4AAC-8B9E-9FD19485477F} = {7B9EB052-D251-4C08-A7A9-A74F2D5940C9}
		{85142918-0A1E-485B-91E4-8853877073E0} = {5FDF1192-BF73-4FC6-A37F-C82FF79E8940}
		{B768D0A5-55F3-4606-ACFD-324B639CAC2A} = {5FDF1192-BF73-4FC6-A37F-C82FF79E8940}
		{50043F53-6CE4-497F-8C3D-626713EFB9E2} = {5FDF1192-BF73-4FC6-A37F-C82FF79E8940}
		{EB82284D-AFE0-4FB0-ACC7-1169A5040ADF} = {B4EC3725-CEE2-4723-9F5D-909FAAD99F87}
		{10F6C545-D27B-4062-BDA0-30F3C65BAD77} = {B4EC3725-CEE2-4723-9F5D-909FAAD99F87}
		{3A5D28F8-87A0-4963-9CBA-A371AA419C0E} = {B4EC3725-CEE2-4723-9F5D-909FAAD99F87}
		{8A2DD117-64F8-4614-A821-BA84E79CA790} = {ADA30D85-3400-4921-8BA1-EFE533CA868F}
		{A4F23179-A601-4819-B946-29ED43F673E7} = {ADA30D85-3400-4921-8BA1-EFE533CA868F}
		{30C1AC0B-508B-4AFA-8994-74C7D2754E7F} = {ADA30D85-3400-4921-8BA1-EFE533CA868F}
		{D3570718-9AF0-4151-B878-80BFBEE21237} = {A365AB42-804D-49E3-A39C-FBC8A897DA3F}
		{A07C79C8-EFE6-441D-B6F0-26F2953D4FD6} = {A365AB42-804D-49E3-A39C-FBC8A897DA3F}
		{5D5EB61B-C37B-4E69-BC3A-53036453331B} = {A365AB42-804D-49E3-A39C-FBC8A897DA3F}
		{C8120F32-F842-44C3-B0E5-1C63AAE3FBB8} = {88DC6C50-2B24-43BD-BF33-4A2174E66F93}
		{5983D790-BDEE-43A8-84B0-929006C4DCD0} = {88DC6C50-2B24-43BD-BF33-4A2174E66F93}
		{B95778F6-2820-4892-AA84-26FD6AC8F0C2} = {88DC6C50-2B24-43BD-BF33-4A2174E66F93}
	EndGlobalSection
	GlobalSection(ExtensibilityGlobals) = postSolution
		SolutionGuid = {B4E5B430-F955-46E1-A2A4-5970568AE425}
	EndGlobalSection
EndGlobal
